
Microsoft Visual Studio Solution File, Format Version 12.00
# Visual Studio Version 17
VisualStudioVersion = 17.1.32328.378
MinimumVisualStudioVersion = 10.0.40219.1
Project("{FAE04EC0-301F-11D3-BF4B-00C04F79EFBC}") = "TrevarsalUI", "TrevarsalUI\TrevarsalUI.csproj", "{79DE47B3-72F2-47ED-853A-B5BF213E03BA}"
EndProject
Project("{FAE04EC0-301F-11D3-BF4B-00C04F79EFBC}") = "EntityLayer", "EntityLayer\EntityLayer.csproj", "{49F32A1B-5B4E-4238-A653-893B6F8B1759}"
EndProject
Project("{FAE04EC0-301F-11D3-BF4B-00C04F79EFBC}") = "DataAccessLayer", "DataAccessLayer\DataAccessLayer.csproj", "{BBE5F556-EA78-448E-8D9F-7FBDFA5ABC64}"
EndProject
Project("{FAE04EC0-301F-11D3-BF4B-00C04F79EFBC}") = "BusinessLayer", "BusinessLayer\BusinessLayer.csproj", "{BF0FA536-C178-4D2B-9502-BBCF111962B6}"
EndProject
Global
	GlobalSection(SolutionConfigurationPlatforms) = preSolution
		Debug|Any CPU = Debug|Any CPU
		Release|Any CPU = Release|Any CPU
	EndGlobalSection
	GlobalSection(ProjectConfigurationPlatforms) = postSolution
		{79DE47B3-72F2-47ED-853A-B5BF213E03BA}.Debug|Any CPU.ActiveCfg = Debug|Any CPU
		{79DE47B3-72F2-47ED-853A-B5BF213E03BA}.Debug|Any CPU.Build.0 = Debug|Any CPU
		{79DE47B3-72F2-47ED-853A-B5BF213E03BA}.Release|Any CPU.ActiveCfg = Release|Any CPU
		{79DE47B3-72F2-47ED-853A-B5BF213E03BA}.Release|Any CPU.Build.0 = Release|Any CPU
		{49F32A1B-5B4E-4238-A653-893B6F8B1759}.Debug|Any CPU.ActiveCfg = Debug|Any CPU
		{49F32A1B-5B4E-4238-A653-893B6F8B1759}.Debug|Any CPU.Build.0 = Debug|Any CPU
		{49F32A1B-5B4E-4238-A653-893B6F8B1759}.Release|Any CPU.ActiveCfg = Release|Any CPU
		{49F32A1B-5B4E-4238-A653-893B6F8B1759}.Release|Any CPU.Build.0 = Release|Any CPU
		{BBE5F556-EA78-448E-8D9F-7FBDFA5ABC64}.Debug|Any CPU.ActiveCfg = Debug|Any CPU
		{BBE5F556-EA78-448E-8D9F-7FBDFA5ABC64}.Debug|Any CPU.Build.0 = Debug|Any CPU
		{BBE5F556-EA78-448E-8D9F-7FBDFA5ABC64}.Release|Any CPU.ActiveCfg = Release|Any CPU
		{BBE5F556-EA78-448E-8D9F-7FBDFA5ABC64}.Release|Any CPU.Build.0 = Release|Any CPU
		{BF0FA536-C178-4D2B-9502-BBCF111962B6}.Debug|Any CPU.ActiveCfg = Debug|Any CPU
		{BF0FA536-C178-4D2B-9502-BBCF111962B6}.Debug|Any CPU.Build.0 = Debug|Any CPU
		{BF0FA536-C178-4D2B-9502-BBCF111962B6}.Release|Any CPU.ActiveCfg = Release|Any CPU
		{BF0FA536-C178-4D2B-9502-BBCF111962B6}.Release|Any CPU.Build.0 = Release|Any CPU
	EndGlobalSection
	GlobalSection(SolutionProperties) = preSolution
		HideSolutionNode = FALSE
	EndGlobalSection
	GlobalSection(ExtensibilityGlobals) = postSolution
		SolutionGuid = {61F3A58A-1CD7-4BF4-ABA4-21AD9CC95DD4}
	EndGlobalSection
EndGlobal
